
Microsoft Visual Studio Solution File, Format Version 11.00
# Visual Studio 2010
Project("{FAE04EC0-301F-11D3-BF4B-00C04F79EFBC}") = "Microsoft.Xrm.Sdk", "Microsoft.Xrm.Sdk\Microsoft.Xrm.Sdk.csproj", "{11662E3E-0CF6-4700-AB6D-E76F5378B7EB}"
EndProject
Global
	GlobalSection(SolutionConfigurationPlatforms) = preSolution
		Debug|Any CPU = Debug|Any CPU
		Release|Any CPU = Release|Any CPU
	EndGlobalSection
	GlobalSection(ProjectConfigurationPlatforms) = postSolution
		{11662E3E-0CF6-4700-AB6D-E76F5378B7EB}.Debug|Any CPU.ActiveCfg = Debug|Any CPU
		{11662E3E-0CF6-4700-AB6D-E76F5378B7EB}.Debug|Any CPU.Build.0 = Debug|Any CPU
		{11662E3E-0CF6-4700-AB6D-E76F5378B7EB}.Release|Any CPU.ActiveCfg = Release|Any CPU
		{11662E3E-0CF6-4700-AB6D-E76F5378B7EB}.Release|Any CPU.Build.0 = Release|Any CPU
	EndGlobalSection
	GlobalSection(SolutionProperties) = preSolution
		HideSolutionNode = FALSE
	EndGlobalSection
EndGlobal
